// !$*UTF8*$!
{
	archiveVersion = 1;
	classes = {
	};
	objectVersion = 55;
	objects = {

/* Begin PBXBuildFile section */
		9B42D4EF2917A2100053DBF3 /* GoogleService-Info.plist in Resources */ = {isa = PBXBuildFile; fileRef = 9B42D4EE2917A2100053DBF3 /* GoogleService-Info.plist */; };
		9B42D4F22917A26C0053DBF3 /* FirebaseDatabase in Frameworks */ = {isa = PBXBuildFile; productRef = 9B42D4F12917A26C0053DBF3 /* FirebaseDatabase */; };
		9B42D4F62917A2DD0053DBF3 /* FirebaseService.swift in Sources */ = {isa = PBXBuildFile; fileRef = 9B42D4F52917A2DD0053DBF3 /* FirebaseService.swift */; };
		9B42D51A291CDEF30053DBF3 /* LoadingIndicator.swift in Sources */ = {isa = PBXBuildFile; fileRef = 9B42D519291CDEF30053DBF3 /* LoadingIndicator.swift */; };
		9B5F94E6292D011900AA97A5 /* InfoView.swift in Sources */ = {isa = PBXBuildFile; fileRef = 9B5F94E5292D011900AA97A5 /* InfoView.swift */; };
		9B5F94E8292D012000AA97A5 /* InfoViewController.swift in Sources */ = {isa = PBXBuildFile; fileRef = 9B5F94E7292D012000AA97A5 /* InfoViewController.swift */; };
		9B5F94EC292DCD8B00AA97A5 /* TopBarView.swift in Sources */ = {isa = PBXBuildFile; fileRef = 9B5F94EB292DCD8B00AA97A5 /* TopBarView.swift */; };
		9B9F46AE29D90B39008E0800 /* Loggable.swift in Sources */ = {isa = PBXBuildFile; fileRef = 9B9F46AD29D90B39008E0800 /* Loggable.swift */; };
		9BBA939328BC6C6F002CB0CF /* AppDelegate.swift in Sources */ = {isa = PBXBuildFile; fileRef = 9BBA939228BC6C6F002CB0CF /* AppDelegate.swift */; };
		9BBA939528BC6C6F002CB0CF /* SceneDelegate.swift in Sources */ = {isa = PBXBuildFile; fileRef = 9BBA939428BC6C6F002CB0CF /* SceneDelegate.swift */; };
		9BBA939C28BC6C70002CB0CF /* Assets.xcassets in Resources */ = {isa = PBXBuildFile; fileRef = 9BBA939B28BC6C70002CB0CF /* Assets.xcassets */; };
		9BBA939F28BC6C70002CB0CF /* LaunchScreen.storyboard in Resources */ = {isa = PBXBuildFile; fileRef = 9BBA939D28BC6C70002CB0CF /* LaunchScreen.storyboard */; };
		9BBA93B128BF6E7F002CB0CF /* BaseViewController.swift in Sources */ = {isa = PBXBuildFile; fileRef = 9BBA93B028BF6E7F002CB0CF /* BaseViewController.swift */; };
		9BBA93B428BF6EC6002CB0CF /* LaunchViewController.swift in Sources */ = {isa = PBXBuildFile; fileRef = 9BBA93B328BF6EC6002CB0CF /* LaunchViewController.swift */; };
		9BBA93B628BF6F1B002CB0CF /* LaunchView.swift in Sources */ = {isa = PBXBuildFile; fileRef = 9BBA93B528BF6F1B002CB0CF /* LaunchView.swift */; };
		9BBA93B928BF706D002CB0CF /* UIColor.swift in Sources */ = {isa = PBXBuildFile; fileRef = 9BBA93B828BF706D002CB0CF /* UIColor.swift */; };
		9BBA93BB28BF721A002CB0CF /* UIView.swift in Sources */ = {isa = PBXBuildFile; fileRef = 9BBA93BA28BF721A002CB0CF /* UIView.swift */; };
		9BBA93BE28BF78C5002CB0CF /* TimeUtil.swift in Sources */ = {isa = PBXBuildFile; fileRef = 9BBA93BD28BF78C5002CB0CF /* TimeUtil.swift */; };
		9BBA93C128BF7A41002CB0CF /* HomeViewController.swift in Sources */ = {isa = PBXBuildFile; fileRef = 9BBA93C028BF7A41002CB0CF /* HomeViewController.swift */; };
		9BBA93C328BF7A4F002CB0CF /* HomeView.swift in Sources */ = {isa = PBXBuildFile; fileRef = 9BBA93C228BF7A4F002CB0CF /* HomeView.swift */; };
		9BBA93C528BF7D12002CB0CF /* SizeUtil.swift in Sources */ = {isa = PBXBuildFile; fileRef = 9BBA93C428BF7D12002CB0CF /* SizeUtil.swift */; };
		9BBA93C728BF9CA4002CB0CF /* UIButton.swift in Sources */ = {isa = PBXBuildFile; fileRef = 9BBA93C628BF9CA4002CB0CF /* UIButton.swift */; };
		9BBA93CB28C0762B002CB0CF /* SummarizeResultViewController.swift in Sources */ = {isa = PBXBuildFile; fileRef = 9BBA93CA28C0762B002CB0CF /* SummarizeResultViewController.swift */; };
		9BBA93CD28C07632002CB0CF /* SummarizeResultView.swift in Sources */ = {isa = PBXBuildFile; fileRef = 9BBA93CC28C07632002CB0CF /* SummarizeResultView.swift */; };
		9BBA93D128C0ADBD002CB0CF /* LineView.swift in Sources */ = {isa = PBXBuildFile; fileRef = 9BBA93D028C0ADBD002CB0CF /* LineView.swift */; };
		9BBA93D428C0B7F2002CB0CF /* UITextView.swift in Sources */ = {isa = PBXBuildFile; fileRef = 9BBA93D328C0B7F2002CB0CF /* UITextView.swift */; };
		9BBA93D628C0CEB1002CB0CF /* UnderLineLabel.swift in Sources */ = {isa = PBXBuildFile; fileRef = 9BBA93D528C0CEB1002CB0CF /* UnderLineLabel.swift */; };
		9BBA93DE28C1D416002CB0CF /* BaseData.swift in Sources */ = {isa = PBXBuildFile; fileRef = 9BBA93DD28C1D416002CB0CF /* BaseData.swift */; };
		9BBA93E128C33742002CB0CF /* SummarizeResult.swift in Sources */ = {isa = PBXBuildFile; fileRef = 9BBA93E028C33742002CB0CF /* SummarizeResult.swift */; };
		9BBA93E328C355FF002CB0CF /* TextUtil.swift in Sources */ = {isa = PBXBuildFile; fileRef = 9BBA93E228C355FF002CB0CF /* TextUtil.swift */; };
		9BC961A228E53ECF00DBF323 /* KeywordViewModel.swift in Sources */ = {isa = PBXBuildFile; fileRef = 9BC961A128E53ECF00DBF323 /* KeywordViewModel.swift */; };
		9BC961A728E554E600DBF323 /* KeywordCell.swift in Sources */ = {isa = PBXBuildFile; fileRef = 9BC961A628E554E600DBF323 /* KeywordCell.swift */; };
		9BC961AE28E99EC300DBF323 /* Decodable.swift in Sources */ = {isa = PBXBuildFile; fileRef = 9BC961AD28E99EC300DBF323 /* Decodable.swift */; };
		9BC961B628ED376700DBF323 /* HomeViewModel.swift in Sources */ = {isa = PBXBuildFile; fileRef = 9BC961B528ED376700DBF323 /* HomeViewModel.swift */; };
		9BC961B828ED3A8000DBF323 /* LaunchViewModel.swift in Sources */ = {isa = PBXBuildFile; fileRef = 9BC961B728ED3A8000DBF323 /* LaunchViewModel.swift */; };
		9BD3C43E28D9C63A00B3B594 /* HttpService.swift in Sources */ = {isa = PBXBuildFile; fileRef = 9BD3C43D28D9C63A00B3B594 /* HttpService.swift */; };
		9BD3C44028D9D52100B3B594 /* HttpError.swift in Sources */ = {isa = PBXBuildFile; fileRef = 9BD3C43F28D9D52100B3B594 /* HttpError.swift */; };
		9BD3C44228D9D55000B3B594 /* HttpAPI.swift in Sources */ = {isa = PBXBuildFile; fileRef = 9BD3C44128D9D55000B3B594 /* HttpAPI.swift */; };
		9BD3C46A28DC63C200B3B594 /* Observable.swift in Sources */ = {isa = PBXBuildFile; fileRef = 9BD3C46928DC63C200B3B594 /* Observable.swift */; };
		9BD3C4A128E0743600B3B594 /* VersionData.swift in Sources */ = {isa = PBXBuildFile; fileRef = 9BD3C4A028E0743600B3B594 /* VersionData.swift */; };
		9BFEE7EF29C72C18009BB2FB /* SummarizeDataDTO.swift in Sources */ = {isa = PBXBuildFile; fileRef = 9BFEE7EE29C72C18009BB2FB /* SummarizeDataDTO.swift */; };
		9BFEE80429C83A73009BB2FB /* SummarizeRepository.swift in Sources */ = {isa = PBXBuildFile; fileRef = 9BFEE80329C83A73009BB2FB /* SummarizeRepository.swift */; };
		9BFEE80829C83ACA009BB2FB /* SummarizeRepositoryProtocol.swift in Sources */ = {isa = PBXBuildFile; fileRef = 9BFEE80729C83ACA009BB2FB /* SummarizeRepositoryProtocol.swift */; };
		9BFEE80B29C83DB5009BB2FB /* SummarizeUseCaseProtocol.swift in Sources */ = {isa = PBXBuildFile; fileRef = 9BFEE80A29C83DB5009BB2FB /* SummarizeUseCaseProtocol.swift */; };
		9BFEE80E29C83E04009BB2FB /* SummarizeUseCase.swift in Sources */ = {isa = PBXBuildFile; fileRef = 9BFEE80D29C83E04009BB2FB /* SummarizeUseCase.swift */; };
		9BFEE81429C899D3009BB2FB /* JeongLogger in Frameworks */ = {isa = PBXBuildFile; productRef = 9BFEE81329C899D3009BB2FB /* JeongLogger */; };
/* End PBXBuildFile section */

/* Begin PBXFileReference section */
		9B42D4EE2917A2100053DBF3 /* GoogleService-Info.plist */ = {isa = PBXFileReference; fileEncoding = 4; lastKnownFileType = text.plist.xml; path = "GoogleService-Info.plist"; sourceTree = "<group>"; };
		9B42D4F52917A2DD0053DBF3 /* FirebaseService.swift */ = {isa = PBXFileReference; lastKnownFileType = sourcecode.swift; path = FirebaseService.swift; sourceTree = "<group>"; };
		9B42D519291CDEF30053DBF3 /* LoadingIndicator.swift */ = {isa = PBXFileReference; lastKnownFileType = sourcecode.swift; path = LoadingIndicator.swift; sourceTree = "<group>"; };
		9B5F94E5292D011900AA97A5 /* InfoView.swift */ = {isa = PBXFileReference; lastKnownFileType = sourcecode.swift; path = InfoView.swift; sourceTree = "<group>"; };
		9B5F94E7292D012000AA97A5 /* InfoViewController.swift */ = {isa = PBXFileReference; lastKnownFileType = sourcecode.swift; path = InfoViewController.swift; sourceTree = "<group>"; };
		9B5F94EB292DCD8B00AA97A5 /* TopBarView.swift */ = {isa = PBXFileReference; lastKnownFileType = sourcecode.swift; path = TopBarView.swift; sourceTree = "<group>"; };
		9B9F46AD29D90B39008E0800 /* Loggable.swift */ = {isa = PBXFileReference; lastKnownFileType = sourcecode.swift; path = Loggable.swift; sourceTree = "<group>"; };
		9BBA938F28BC6C6F002CB0CF /* TLDR.app */ = {isa = PBXFileReference; explicitFileType = wrapper.application; includeInIndex = 0; path = TLDR.app; sourceTree = BUILT_PRODUCTS_DIR; };
		9BBA939228BC6C6F002CB0CF /* AppDelegate.swift */ = {isa = PBXFileReference; lastKnownFileType = sourcecode.swift; path = AppDelegate.swift; sourceTree = "<group>"; };
		9BBA939428BC6C6F002CB0CF /* SceneDelegate.swift */ = {isa = PBXFileReference; lastKnownFileType = sourcecode.swift; path = SceneDelegate.swift; sourceTree = "<group>"; };
		9BBA939B28BC6C70002CB0CF /* Assets.xcassets */ = {isa = PBXFileReference; lastKnownFileType = folder.assetcatalog; path = Assets.xcassets; sourceTree = "<group>"; };
		9BBA939E28BC6C70002CB0CF /* Base */ = {isa = PBXFileReference; lastKnownFileType = file.storyboard; name = Base; path = Base.lproj/LaunchScreen.storyboard; sourceTree = "<group>"; };
		9BBA93A028BC6C70002CB0CF /* Info.plist */ = {isa = PBXFileReference; lastKnownFileType = text.plist.xml; path = Info.plist; sourceTree = "<group>"; };
		9BBA93B028BF6E7F002CB0CF /* BaseViewController.swift */ = {isa = PBXFileReference; lastKnownFileType = sourcecode.swift; path = BaseViewController.swift; sourceTree = "<group>"; };
		9BBA93B328BF6EC6002CB0CF /* LaunchViewController.swift */ = {isa = PBXFileReference; lastKnownFileType = sourcecode.swift; path = LaunchViewController.swift; sourceTree = "<group>"; };
		9BBA93B528BF6F1B002CB0CF /* LaunchView.swift */ = {isa = PBXFileReference; lastKnownFileType = sourcecode.swift; path = LaunchView.swift; sourceTree = "<group>"; };
		9BBA93B828BF706D002CB0CF /* UIColor.swift */ = {isa = PBXFileReference; lastKnownFileType = sourcecode.swift; path = UIColor.swift; sourceTree = "<group>"; };
		9BBA93BA28BF721A002CB0CF /* UIView.swift */ = {isa = PBXFileReference; lastKnownFileType = sourcecode.swift; path = UIView.swift; sourceTree = "<group>"; };
		9BBA93BD28BF78C5002CB0CF /* TimeUtil.swift */ = {isa = PBXFileReference; fileEncoding = 4; lastKnownFileType = sourcecode.swift; path = TimeUtil.swift; sourceTree = "<group>"; };
		9BBA93C028BF7A41002CB0CF /* HomeViewController.swift */ = {isa = PBXFileReference; lastKnownFileType = sourcecode.swift; path = HomeViewController.swift; sourceTree = "<group>"; };
		9BBA93C228BF7A4F002CB0CF /* HomeView.swift */ = {isa = PBXFileReference; lastKnownFileType = sourcecode.swift; path = HomeView.swift; sourceTree = "<group>"; };
		9BBA93C428BF7D12002CB0CF /* SizeUtil.swift */ = {isa = PBXFileReference; fileEncoding = 4; lastKnownFileType = sourcecode.swift; path = SizeUtil.swift; sourceTree = "<group>"; };
		9BBA93C628BF9CA4002CB0CF /* UIButton.swift */ = {isa = PBXFileReference; lastKnownFileType = sourcecode.swift; path = UIButton.swift; sourceTree = "<group>"; };
		9BBA93CA28C0762B002CB0CF /* SummarizeResultViewController.swift */ = {isa = PBXFileReference; lastKnownFileType = sourcecode.swift; path = SummarizeResultViewController.swift; sourceTree = "<group>"; };
		9BBA93CC28C07632002CB0CF /* SummarizeResultView.swift */ = {isa = PBXFileReference; lastKnownFileType = sourcecode.swift; path = SummarizeResultView.swift; sourceTree = "<group>"; };
		9BBA93D028C0ADBD002CB0CF /* LineView.swift */ = {isa = PBXFileReference; lastKnownFileType = sourcecode.swift; path = LineView.swift; sourceTree = "<group>"; };
		9BBA93D328C0B7F2002CB0CF /* UITextView.swift */ = {isa = PBXFileReference; lastKnownFileType = sourcecode.swift; path = UITextView.swift; sourceTree = "<group>"; };
		9BBA93D528C0CEB1002CB0CF /* UnderLineLabel.swift */ = {isa = PBXFileReference; lastKnownFileType = sourcecode.swift; path = UnderLineLabel.swift; sourceTree = "<group>"; };
		9BBA93DD28C1D416002CB0CF /* BaseData.swift */ = {isa = PBXFileReference; lastKnownFileType = sourcecode.swift; path = BaseData.swift; sourceTree = "<group>"; };
		9BBA93E028C33742002CB0CF /* SummarizeResult.swift */ = {isa = PBXFileReference; lastKnownFileType = sourcecode.swift; path = SummarizeResult.swift; sourceTree = "<group>"; };
		9BBA93E228C355FF002CB0CF /* TextUtil.swift */ = {isa = PBXFileReference; lastKnownFileType = sourcecode.swift; path = TextUtil.swift; sourceTree = "<group>"; };
		9BC961A128E53ECF00DBF323 /* KeywordViewModel.swift */ = {isa = PBXFileReference; lastKnownFileType = sourcecode.swift; path = KeywordViewModel.swift; sourceTree = "<group>"; };
		9BC961A628E554E600DBF323 /* KeywordCell.swift */ = {isa = PBXFileReference; lastKnownFileType = sourcecode.swift; path = KeywordCell.swift; sourceTree = "<group>"; };
		9BC961AD28E99EC300DBF323 /* Decodable.swift */ = {isa = PBXFileReference; lastKnownFileType = sourcecode.swift; path = Decodable.swift; sourceTree = "<group>"; };
		9BC961B528ED376700DBF323 /* HomeViewModel.swift */ = {isa = PBXFileReference; lastKnownFileType = sourcecode.swift; path = HomeViewModel.swift; sourceTree = "<group>"; };
		9BC961B728ED3A8000DBF323 /* LaunchViewModel.swift */ = {isa = PBXFileReference; lastKnownFileType = sourcecode.swift; path = LaunchViewModel.swift; sourceTree = "<group>"; };
		9BD3C43D28D9C63A00B3B594 /* HttpService.swift */ = {isa = PBXFileReference; lastKnownFileType = sourcecode.swift; path = HttpService.swift; sourceTree = "<group>"; };
		9BD3C43F28D9D52100B3B594 /* HttpError.swift */ = {isa = PBXFileReference; lastKnownFileType = sourcecode.swift; path = HttpError.swift; sourceTree = "<group>"; };
		9BD3C44128D9D55000B3B594 /* HttpAPI.swift */ = {isa = PBXFileReference; lastKnownFileType = sourcecode.swift; path = HttpAPI.swift; sourceTree = "<group>"; };
		9BD3C46928DC63C200B3B594 /* Observable.swift */ = {isa = PBXFileReference; lastKnownFileType = sourcecode.swift; path = Observable.swift; sourceTree = "<group>"; };
		9BD3C4A028E0743600B3B594 /* VersionData.swift */ = {isa = PBXFileReference; lastKnownFileType = sourcecode.swift; path = VersionData.swift; sourceTree = "<group>"; };
		9BFEE7EE29C72C18009BB2FB /* SummarizeDataDTO.swift */ = {isa = PBXFileReference; lastKnownFileType = sourcecode.swift; path = SummarizeDataDTO.swift; sourceTree = "<group>"; };
		9BFEE80329C83A73009BB2FB /* SummarizeRepository.swift */ = {isa = PBXFileReference; lastKnownFileType = sourcecode.swift; path = SummarizeRepository.swift; sourceTree = "<group>"; };
		9BFEE80729C83ACA009BB2FB /* SummarizeRepositoryProtocol.swift */ = {isa = PBXFileReference; lastKnownFileType = sourcecode.swift; path = SummarizeRepositoryProtocol.swift; sourceTree = "<group>"; };
		9BFEE80A29C83DB5009BB2FB /* SummarizeUseCaseProtocol.swift */ = {isa = PBXFileReference; lastKnownFileType = sourcecode.swift; path = SummarizeUseCaseProtocol.swift; sourceTree = "<group>"; };
		9BFEE80D29C83E04009BB2FB /* SummarizeUseCase.swift */ = {isa = PBXFileReference; lastKnownFileType = sourcecode.swift; path = SummarizeUseCase.swift; sourceTree = "<group>"; };
/* End PBXFileReference section */

/* Begin PBXFrameworksBuildPhase section */
		9BBA938C28BC6C6F002CB0CF /* Frameworks */ = {
			isa = PBXFrameworksBuildPhase;
			buildActionMask = 2147483647;
			files = (
				9BFEE81429C899D3009BB2FB /* JeongLogger in Frameworks */,
				9B42D4F22917A26C0053DBF3 /* FirebaseDatabase in Frameworks */,
			);
			runOnlyForDeploymentPostprocessing = 0;
		};
/* End PBXFrameworksBuildPhase section */

/* Begin PBXGroup section */
		9B42D4F32917A29D0053DBF3 /* Services */ = {
			isa = PBXGroup;
			children = (
				9B42D4F42917A2A80053DBF3 /* FirebaseService */,
				9BD3C43C28D9C62700B3B594 /* HttpService */,
			);
			path = Services;
			sourceTree = "<group>";
		};
		9B42D4F42917A2A80053DBF3 /* FirebaseService */ = {
			isa = PBXGroup;
			children = (
				9B42D4F52917A2DD0053DBF3 /* FirebaseService.swift */,
			);
			path = FirebaseService;
			sourceTree = "<group>";
		};
		9B9F46AC29D90B2C008E0800 /* Utils */ = {
			isa = PBXGroup;
			children = (
				9B9F46AD29D90B39008E0800 /* Loggable.swift */,
			);
			path = Utils;
			sourceTree = "<group>";
		};
		9BBA938628BC6C6F002CB0CF = {
			isa = PBXGroup;
			children = (
				9BBA939128BC6C6F002CB0CF /* TLDR */,
				9BBA939028BC6C6F002CB0CF /* Products */,
			);
			sourceTree = "<group>";
		};
		9BBA939028BC6C6F002CB0CF /* Products */ = {
			isa = PBXGroup;
			children = (
				9BBA938F28BC6C6F002CB0CF /* TLDR.app */,
			);
			name = Products;
			sourceTree = "<group>";
		};
		9BBA939128BC6C6F002CB0CF /* TLDR */ = {
			isa = PBXGroup;
			children = (
				9BFEE7E329C72A43009BB2FB /* Application */,
				9BFEE7E429C72A47009BB2FB /* Presentaion */,
				9BFEE7E529C72A4B009BB2FB /* Domain */,
				9BFEE7E629C72A56009BB2FB /* Data */,
				9BFEE7E729C72A58009BB2FB /* Resource */,
			);
			path = TLDR;
			sourceTree = "<group>";
		};
		9BBA93B728BF7060002CB0CF /* Extensions */ = {
			isa = PBXGroup;
			children = (
				9BBA93B828BF706D002CB0CF /* UIColor.swift */,
				9BBA93BA28BF721A002CB0CF /* UIView.swift */,
				9BBA93C628BF9CA4002CB0CF /* UIButton.swift */,
				9BBA93D328C0B7F2002CB0CF /* UITextView.swift */,
			);
			path = Extensions;
			sourceTree = "<group>";
		};
		9BBA93D828C198CA002CB0CF /* CustomViews */ = {
			isa = PBXGroup;
			children = (
				9BBA93D028C0ADBD002CB0CF /* LineView.swift */,
				9BBA93D528C0CEB1002CB0CF /* UnderLineLabel.swift */,
				9B5F94EB292DCD8B00AA97A5 /* TopBarView.swift */,
			);
			path = CustomViews;
			sourceTree = "<group>";
		};
		9BD3C43C28D9C62700B3B594 /* HttpService */ = {
			isa = PBXGroup;
			children = (
				9BD3C43D28D9C63A00B3B594 /* HttpService.swift */,
				9BD3C43F28D9D52100B3B594 /* HttpError.swift */,
				9BD3C44128D9D55000B3B594 /* HttpAPI.swift */,
			);
			path = HttpService;
			sourceTree = "<group>";
		};
		9BFEE7E329C72A43009BB2FB /* Application */ = {
			isa = PBXGroup;
			children = (
				9BBA939228BC6C6F002CB0CF /* AppDelegate.swift */,
				9BBA939428BC6C6F002CB0CF /* SceneDelegate.swift */,
				9BBA93DD28C1D416002CB0CF /* BaseData.swift */,
				9B9F46AC29D90B2C008E0800 /* Utils */,
			);
			path = Application;
			sourceTree = "<group>";
		};
		9BFEE7E429C72A47009BB2FB /* Presentaion */ = {
			isa = PBXGroup;
			children = (
				9BBA93B028BF6E7F002CB0CF /* BaseViewController.swift */,
				9BFEE7F029C72D78009BB2FB /* Launch */,
				9BFEE7F129C72D8D009BB2FB /* Home */,
				9BFEE7F229C72D8F009BB2FB /* SummarizeResult */,
				9BFEE7F329C72D93009BB2FB /* Info */,
				9BBA93D828C198CA002CB0CF /* CustomViews */,
				9BFEE7EB29C72ADE009BB2FB /* Utils */,
				9BBA93B728BF7060002CB0CF /* Extensions */,
			);
			path = Presentaion;
			sourceTree = "<group>";
		};
		9BFEE7E529C72A4B009BB2FB /* Domain */ = {
			isa = PBXGroup;
			children = (
				9BFEE7EC29C72BCD009BB2FB /* Entities */,
				9BFEE80C29C83DFB009BB2FB /* UseCases */,
				9BFEE80529C83A96009BB2FB /* Interfaces */,
			);
			path = Domain;
			sourceTree = "<group>";
		};
		9BFEE7E629C72A56009BB2FB /* Data */ = {
			isa = PBXGroup;
			children = (
				9BFEE7E929C72AB2009BB2FB /* Repositories */,
				9BFEE7E829C72AA9009BB2FB /* Network */,
			);
			path = Data;
			sourceTree = "<group>";
		};
		9BFEE7E729C72A58009BB2FB /* Resource */ = {
			isa = PBXGroup;
			children = (
				9BBA939D28BC6C70002CB0CF /* LaunchScreen.storyboard */,
				9BBA939B28BC6C70002CB0CF /* Assets.xcassets */,
				9BBA93A028BC6C70002CB0CF /* Info.plist */,
				9B42D4EE2917A2100053DBF3 /* GoogleService-Info.plist */,
			);
			path = Resource;
			sourceTree = "<group>";
		};
		9BFEE7E829C72AA9009BB2FB /* Network */ = {
			isa = PBXGroup;
			children = (
				9BFEE7ED29C72C0E009BB2FB /* DTO */,
				9B42D4F32917A29D0053DBF3 /* Services */,
				9BFEE7EA29C72AC8009BB2FB /* Extensions */,
			);
			path = Network;
			sourceTree = "<group>";
		};
		9BFEE7E929C72AB2009BB2FB /* Repositories */ = {
			isa = PBXGroup;
			children = (
				9BFEE80329C83A73009BB2FB /* SummarizeRepository.swift */,
			);
			path = Repositories;
			sourceTree = "<group>";
		};
		9BFEE7EA29C72AC8009BB2FB /* Extensions */ = {
			isa = PBXGroup;
			children = (
				9BC961AD28E99EC300DBF323 /* Decodable.swift */,
			);
			path = Extensions;
			sourceTree = "<group>";
		};
		9BFEE7EB29C72ADE009BB2FB /* Utils */ = {
			isa = PBXGroup;
			children = (
				9BD3C46928DC63C200B3B594 /* Observable.swift */,
				9BBA93C428BF7D12002CB0CF /* SizeUtil.swift */,
				9BBA93BD28BF78C5002CB0CF /* TimeUtil.swift */,
				9BBA93E228C355FF002CB0CF /* TextUtil.swift */,
				9B42D519291CDEF30053DBF3 /* LoadingIndicator.swift */,
			);
			path = Utils;
			sourceTree = "<group>";
		};
		9BFEE7EC29C72BCD009BB2FB /* Entities */ = {
			isa = PBXGroup;
			children = (
				9BD3C4A028E0743600B3B594 /* VersionData.swift */,
				9BBA93E028C33742002CB0CF /* SummarizeResult.swift */,
			);
			path = Entities;
			sourceTree = "<group>";
		};
		9BFEE7ED29C72C0E009BB2FB /* DTO */ = {
			isa = PBXGroup;
			children = (
				9BFEE7EE29C72C18009BB2FB /* SummarizeDataDTO.swift */,
			);
			path = DTO;
			sourceTree = "<group>";
		};
		9BFEE7F029C72D78009BB2FB /* Launch */ = {
			isa = PBXGroup;
			children = (
				9BFEE7F729C72DDF009BB2FB /* View */,
				9BFEE7F629C72DDD009BB2FB /* ViewModel */,
			);
			path = Launch;
			sourceTree = "<group>";
		};
		9BFEE7F129C72D8D009BB2FB /* Home */ = {
			isa = PBXGroup;
			children = (
				9BFEE7F429C72DB7009BB2FB /* View */,
				9BFEE7F529C72DB9009BB2FB /* ViewModel */,
			);
			path = Home;
			sourceTree = "<group>";
		};
		9BFEE7F229C72D8F009BB2FB /* SummarizeResult */ = {
			isa = PBXGroup;
			children = (
				9BFEE7F929C72E10009BB2FB /* View */,
				9BFEE7F829C72E0E009BB2FB /* ViewModel */,
			);
			path = SummarizeResult;
			sourceTree = "<group>";
		};
		9BFEE7F329C72D93009BB2FB /* Info */ = {
			isa = PBXGroup;
			children = (
				9BFEE7FC29C72E73009BB2FB /* View */,
			);
			path = Info;
			sourceTree = "<group>";
		};
		9BFEE7F429C72DB7009BB2FB /* View */ = {
			isa = PBXGroup;
			children = (
				9BBA93C028BF7A41002CB0CF /* HomeViewController.swift */,
				9BBA93C228BF7A4F002CB0CF /* HomeView.swift */,
			);
			path = View;
			sourceTree = "<group>";
		};
		9BFEE7F529C72DB9009BB2FB /* ViewModel */ = {
			isa = PBXGroup;
			children = (
				9BC961B528ED376700DBF323 /* HomeViewModel.swift */,
			);
			path = ViewModel;
			sourceTree = "<group>";
		};
		9BFEE7F629C72DDD009BB2FB /* ViewModel */ = {
			isa = PBXGroup;
			children = (
				9BC961B728ED3A8000DBF323 /* LaunchViewModel.swift */,
			);
			path = ViewModel;
			sourceTree = "<group>";
		};
		9BFEE7F729C72DDF009BB2FB /* View */ = {
			isa = PBXGroup;
			children = (
				9BBA93B328BF6EC6002CB0CF /* LaunchViewController.swift */,
				9BBA93B528BF6F1B002CB0CF /* LaunchView.swift */,
			);
			path = View;
			sourceTree = "<group>";
		};
		9BFEE7F829C72E0E009BB2FB /* ViewModel */ = {
			isa = PBXGroup;
			children = (
				9BC961A128E53ECF00DBF323 /* KeywordViewModel.swift */,
			);
			path = ViewModel;
			sourceTree = "<group>";
		};
		9BFEE7F929C72E10009BB2FB /* View */ = {
			isa = PBXGroup;
			children = (
				9BBA93CA28C0762B002CB0CF /* SummarizeResultViewController.swift */,
				9BBA93CC28C07632002CB0CF /* SummarizeResultView.swift */,
				9BFEE7FA29C72E12009BB2FB /* Cell */,
			);
			path = View;
			sourceTree = "<group>";
		};
		9BFEE7FA29C72E12009BB2FB /* Cell */ = {
			isa = PBXGroup;
			children = (
				9BC961A628E554E600DBF323 /* KeywordCell.swift */,
			);
			path = Cell;
			sourceTree = "<group>";
		};
		9BFEE7FC29C72E73009BB2FB /* View */ = {
			isa = PBXGroup;
			children = (
				9B5F94E5292D011900AA97A5 /* InfoView.swift */,
				9B5F94E7292D012000AA97A5 /* InfoViewController.swift */,
			);
			path = View;
			sourceTree = "<group>";
		};
		9BFEE80529C83A96009BB2FB /* Interfaces */ = {
			isa = PBXGroup;
			children = (
				9BFEE80929C83DAB009BB2FB /* UseCases */,
				9BFEE80629C83AA2009BB2FB /* Repositories */,
			);
			path = Interfaces;
			sourceTree = "<group>";
		};
		9BFEE80629C83AA2009BB2FB /* Repositories */ = {
			isa = PBXGroup;
			children = (
				9BFEE80729C83ACA009BB2FB /* SummarizeRepositoryProtocol.swift */,
			);
			path = Repositories;
			sourceTree = "<group>";
		};
		9BFEE80929C83DAB009BB2FB /* UseCases */ = {
			isa = PBXGroup;
			children = (
				9BFEE80A29C83DB5009BB2FB /* SummarizeUseCaseProtocol.swift */,
			);
			path = UseCases;
			sourceTree = "<group>";
		};
		9BFEE80C29C83DFB009BB2FB /* UseCases */ = {
			isa = PBXGroup;
			children = (
				9BFEE80D29C83E04009BB2FB /* SummarizeUseCase.swift */,
			);
			path = UseCases;
			sourceTree = "<group>";
		};
/* End PBXGroup section */

/* Begin PBXNativeTarget section */
		9BBA938E28BC6C6F002CB0CF /* TLDR */ = {
			isa = PBXNativeTarget;
			buildConfigurationList = 9BBA93A328BC6C70002CB0CF /* Build configuration list for PBXNativeTarget "TLDR" */;
			buildPhases = (
				9BBA938B28BC6C6F002CB0CF /* Sources */,
				9BBA938C28BC6C6F002CB0CF /* Frameworks */,
				9BBA938D28BC6C6F002CB0CF /* Resources */,
			);
			buildRules = (
			);
			dependencies = (
			);
			name = TLDR;
			packageProductDependencies = (
				9B42D4F12917A26C0053DBF3 /* FirebaseDatabase */,
				9BFEE81329C899D3009BB2FB /* JeongLogger */,
			);
			productName = TLDR;
			productReference = 9BBA938F28BC6C6F002CB0CF /* TLDR.app */;
			productType = "com.apple.product-type.application";
		};
/* End PBXNativeTarget section */

/* Begin PBXProject section */
		9BBA938728BC6C6F002CB0CF /* Project object */ = {
			isa = PBXProject;
			attributes = {
				BuildIndependentTargetsInParallel = YES;
				LastSwiftUpdateCheck = 1340;
				LastUpgradeCheck = 1340;
				TargetAttributes = {
					9BBA938E28BC6C6F002CB0CF = {
						CreatedOnToolsVersion = 13.4.1;
					};
				};
			};
			buildConfigurationList = 9BBA938A28BC6C6F002CB0CF /* Build configuration list for PBXProject "TLDR" */;
			compatibilityVersion = "Xcode 13.0";
			developmentRegion = en;
			hasScannedForEncodings = 0;
			knownRegions = (
				en,
				Base,
			);
			mainGroup = 9BBA938628BC6C6F002CB0CF;
			packageReferences = (
				9B42D4F02917A26C0053DBF3 /* XCRemoteSwiftPackageReference "firebase-ios-sdk" */,
				9BFEE81229C899D3009BB2FB /* XCRemoteSwiftPackageReference "JeongLogger" */,
			);
			productRefGroup = 9BBA939028BC6C6F002CB0CF /* Products */;
			projectDirPath = "";
			projectRoot = "";
			targets = (
				9BBA938E28BC6C6F002CB0CF /* TLDR */,
			);
		};
/* End PBXProject section */

/* Begin PBXResourcesBuildPhase section */
		9BBA938D28BC6C6F002CB0CF /* Resources */ = {
			isa = PBXResourcesBuildPhase;
			buildActionMask = 2147483647;
			files = (
				9BBA939F28BC6C70002CB0CF /* LaunchScreen.storyboard in Resources */,
				9BBA939C28BC6C70002CB0CF /* Assets.xcassets in Resources */,
				9B42D4EF2917A2100053DBF3 /* GoogleService-Info.plist in Resources */,
			);
			runOnlyForDeploymentPostprocessing = 0;
		};
/* End PBXResourcesBuildPhase section */

/* Begin PBXSourcesBuildPhase section */
		9BBA938B28BC6C6F002CB0CF /* Sources */ = {
			isa = PBXSourcesBuildPhase;
			buildActionMask = 2147483647;
			files = (
				9B9F46AE29D90B39008E0800 /* Loggable.swift in Sources */,
				9BBA93CD28C07632002CB0CF /* SummarizeResultView.swift in Sources */,
				9BC961B628ED376700DBF323 /* HomeViewModel.swift in Sources */,
				9BBA93B428BF6EC6002CB0CF /* LaunchViewController.swift in Sources */,
				9BD3C44228D9D55000B3B594 /* HttpAPI.swift in Sources */,
				9B5F94EC292DCD8B00AA97A5 /* TopBarView.swift in Sources */,
				9BC961A228E53ECF00DBF323 /* KeywordViewModel.swift in Sources */,
				9BBA93B928BF706D002CB0CF /* UIColor.swift in Sources */,
				9BC961B828ED3A8000DBF323 /* LaunchViewModel.swift in Sources */,
				9BBA93B628BF6F1B002CB0CF /* LaunchView.swift in Sources */,
				9BD3C44028D9D52100B3B594 /* HttpError.swift in Sources */,
				9BBA93E328C355FF002CB0CF /* TextUtil.swift in Sources */,
				9BD3C4A128E0743600B3B594 /* VersionData.swift in Sources */,
				9BBA93C328BF7A4F002CB0CF /* HomeView.swift in Sources */,
				9B5F94E8292D012000AA97A5 /* InfoViewController.swift in Sources */,
				9BBA93D628C0CEB1002CB0CF /* UnderLineLabel.swift in Sources */,
				9BBA93BB28BF721A002CB0CF /* UIView.swift in Sources */,
				9BC961A728E554E600DBF323 /* KeywordCell.swift in Sources */,
				9BFEE80B29C83DB5009BB2FB /* SummarizeUseCaseProtocol.swift in Sources */,
				9BFEE80429C83A73009BB2FB /* SummarizeRepository.swift in Sources */,
				9BBA939328BC6C6F002CB0CF /* AppDelegate.swift in Sources */,
				9BFEE80829C83ACA009BB2FB /* SummarizeRepositoryProtocol.swift in Sources */,
				9BD3C46A28DC63C200B3B594 /* Observable.swift in Sources */,
				9BBA93C128BF7A41002CB0CF /* HomeViewController.swift in Sources */,
				9BBA93D128C0ADBD002CB0CF /* LineView.swift in Sources */,
				9BBA93D428C0B7F2002CB0CF /* UITextView.swift in Sources */,
				9BFEE80E29C83E04009BB2FB /* SummarizeUseCase.swift in Sources */,
				9B42D4F62917A2DD0053DBF3 /* FirebaseService.swift in Sources */,
				9BBA939528BC6C6F002CB0CF /* SceneDelegate.swift in Sources */,
				9BBA93CB28C0762B002CB0CF /* SummarizeResultViewController.swift in Sources */,
				9BC961AE28E99EC300DBF323 /* Decodable.swift in Sources */,
				9BBA93BE28BF78C5002CB0CF /* TimeUtil.swift in Sources */,
				9BBA93B128BF6E7F002CB0CF /* BaseViewController.swift in Sources */,
				9B5F94E6292D011900AA97A5 /* InfoView.swift in Sources */,
				9BFEE7EF29C72C18009BB2FB /* SummarizeDataDTO.swift in Sources */,
				9BD3C43E28D9C63A00B3B594 /* HttpService.swift in Sources */,
				9BBA93C528BF7D12002CB0CF /* SizeUtil.swift in Sources */,
				9BBA93DE28C1D416002CB0CF /* BaseData.swift in Sources */,
				9BBA93C728BF9CA4002CB0CF /* UIButton.swift in Sources */,
				9B42D51A291CDEF30053DBF3 /* LoadingIndicator.swift in Sources */,
				9BBA93E128C33742002CB0CF /* SummarizeResult.swift in Sources */,
			);
			runOnlyForDeploymentPostprocessing = 0;
		};
/* End PBXSourcesBuildPhase section */

/* Begin PBXVariantGroup section */
		9BBA939D28BC6C70002CB0CF /* LaunchScreen.storyboard */ = {
			isa = PBXVariantGroup;
			children = (
				9BBA939E28BC6C70002CB0CF /* Base */,
			);
			name = LaunchScreen.storyboard;
			sourceTree = "<group>";
		};
/* End PBXVariantGroup section */

/* Begin XCBuildConfiguration section */
		9BBA93A128BC6C70002CB0CF /* Debug */ = {
			isa = XCBuildConfiguration;
			buildSettings = {
				ALWAYS_SEARCH_USER_PATHS = NO;
				CLANG_ANALYZER_NONNULL = YES;
				CLANG_ANALYZER_NUMBER_OBJECT_CONVERSION = YES_AGGRESSIVE;
				CLANG_CXX_LANGUAGE_STANDARD = "gnu++17";
				CLANG_ENABLE_MODULES = YES;
				CLANG_ENABLE_OBJC_ARC = YES;
				CLANG_ENABLE_OBJC_WEAK = YES;
				CLANG_WARN_BLOCK_CAPTURE_AUTORELEASING = YES;
				CLANG_WARN_BOOL_CONVERSION = YES;
				CLANG_WARN_COMMA = YES;
				CLANG_WARN_CONSTANT_CONVERSION = YES;
				CLANG_WARN_DEPRECATED_OBJC_IMPLEMENTATIONS = YES;
				CLANG_WARN_DIRECT_OBJC_ISA_USAGE = YES_ERROR;
				CLANG_WARN_DOCUMENTATION_COMMENTS = YES;
				CLANG_WARN_EMPTY_BODY = YES;
				CLANG_WARN_ENUM_CONVERSION = YES;
				CLANG_WARN_INFINITE_RECURSION = YES;
				CLANG_WARN_INT_CONVERSION = YES;
				CLANG_WARN_NON_LITERAL_NULL_CONVERSION = YES;
				CLANG_WARN_OBJC_IMPLICIT_RETAIN_SELF = YES;
				CLANG_WARN_OBJC_LITERAL_CONVERSION = YES;
				CLANG_WARN_OBJC_ROOT_CLASS = YES_ERROR;
				CLANG_WARN_QUOTED_INCLUDE_IN_FRAMEWORK_HEADER = YES;
				CLANG_WARN_RANGE_LOOP_ANALYSIS = YES;
				CLANG_WARN_STRICT_PROTOTYPES = YES;
				CLANG_WARN_SUSPICIOUS_MOVE = YES;
				CLANG_WARN_UNGUARDED_AVAILABILITY = YES_AGGRESSIVE;
				CLANG_WARN_UNREACHABLE_CODE = YES;
				CLANG_WARN__DUPLICATE_METHOD_MATCH = YES;
				COPY_PHASE_STRIP = NO;
				DEBUG_INFORMATION_FORMAT = dwarf;
				ENABLE_STRICT_OBJC_MSGSEND = YES;
				ENABLE_TESTABILITY = YES;
				GCC_C_LANGUAGE_STANDARD = gnu11;
				GCC_DYNAMIC_NO_PIC = NO;
				GCC_NO_COMMON_BLOCKS = YES;
				GCC_OPTIMIZATION_LEVEL = 0;
				GCC_PREPROCESSOR_DEFINITIONS = (
					"DEBUG=1",
					"$(inherited)",
				);
				GCC_WARN_64_TO_32_BIT_CONVERSION = YES;
				GCC_WARN_ABOUT_RETURN_TYPE = YES_ERROR;
				GCC_WARN_UNDECLARED_SELECTOR = YES;
				GCC_WARN_UNINITIALIZED_AUTOS = YES_AGGRESSIVE;
				GCC_WARN_UNUSED_FUNCTION = YES;
				GCC_WARN_UNUSED_VARIABLE = YES;
				IPHONEOS_DEPLOYMENT_TARGET = 14.0;
				MTL_ENABLE_DEBUG_INFO = INCLUDE_SOURCE;
				MTL_FAST_MATH = YES;
				ONLY_ACTIVE_ARCH = YES;
				SDKROOT = iphoneos;
				SWIFT_ACTIVE_COMPILATION_CONDITIONS = DEBUG;
				SWIFT_OPTIMIZATION_LEVEL = "-Onone";
			};
			name = Debug;
		};
		9BBA93A228BC6C70002CB0CF /* Release */ = {
			isa = XCBuildConfiguration;
			buildSettings = {
				ALWAYS_SEARCH_USER_PATHS = NO;
				CLANG_ANALYZER_NONNULL = YES;
				CLANG_ANALYZER_NUMBER_OBJECT_CONVERSION = YES_AGGRESSIVE;
				CLANG_CXX_LANGUAGE_STANDARD = "gnu++17";
				CLANG_ENABLE_MODULES = YES;
				CLANG_ENABLE_OBJC_ARC = YES;
				CLANG_ENABLE_OBJC_WEAK = YES;
				CLANG_WARN_BLOCK_CAPTURE_AUTORELEASING = YES;
				CLANG_WARN_BOOL_CONVERSION = YES;
				CLANG_WARN_COMMA = YES;
				CLANG_WARN_CONSTANT_CONVERSION = YES;
				CLANG_WARN_DEPRECATED_OBJC_IMPLEMENTATIONS = YES;
				CLANG_WARN_DIRECT_OBJC_ISA_USAGE = YES_ERROR;
				CLANG_WARN_DOCUMENTATION_COMMENTS = YES;
				CLANG_WARN_EMPTY_BODY = YES;
				CLANG_WARN_ENUM_CONVERSION = YES;
				CLANG_WARN_INFINITE_RECURSION = YES;
				CLANG_WARN_INT_CONVERSION = YES;
				CLANG_WARN_NON_LITERAL_NULL_CONVERSION = YES;
				CLANG_WARN_OBJC_IMPLICIT_RETAIN_SELF = YES;
				CLANG_WARN_OBJC_LITERAL_CONVERSION = YES;
				CLANG_WARN_OBJC_ROOT_CLASS = YES_ERROR;
				CLANG_WARN_QUOTED_INCLUDE_IN_FRAMEWORK_HEADER = YES;
				CLANG_WARN_RANGE_LOOP_ANALYSIS = YES;
				CLANG_WARN_STRICT_PROTOTYPES = YES;
				CLANG_WARN_SUSPICIOUS_MOVE = YES;
				CLANG_WARN_UNGUARDED_AVAILABILITY = YES_AGGRESSIVE;
				CLANG_WARN_UNREACHABLE_CODE = YES;
				CLANG_WARN__DUPLICATE_METHOD_MATCH = YES;
				COPY_PHASE_STRIP = NO;
				DEBUG_INFORMATION_FORMAT = "dwarf-with-dsym";
				ENABLE_NS_ASSERTIONS = NO;
				ENABLE_STRICT_OBJC_MSGSEND = YES;
				GCC_C_LANGUAGE_STANDARD = gnu11;
				GCC_NO_COMMON_BLOCKS = YES;
				GCC_WARN_64_TO_32_BIT_CONVERSION = YES;
				GCC_WARN_ABOUT_RETURN_TYPE = YES_ERROR;
				GCC_WARN_UNDECLARED_SELECTOR = YES;
				GCC_WARN_UNINITIALIZED_AUTOS = YES_AGGRESSIVE;
				GCC_WARN_UNUSED_FUNCTION = YES;
				GCC_WARN_UNUSED_VARIABLE = YES;
				IPHONEOS_DEPLOYMENT_TARGET = 14.0;
				MTL_ENABLE_DEBUG_INFO = NO;
				MTL_FAST_MATH = YES;
				SDKROOT = iphoneos;
				SWIFT_COMPILATION_MODE = wholemodule;
				SWIFT_OPTIMIZATION_LEVEL = "-O";
				VALIDATE_PRODUCT = YES;
			};
			name = Release;
		};
		9BBA93A428BC6C70002CB0CF /* Debug */ = {
			isa = XCBuildConfiguration;
			buildSettings = {
				ASSETCATALOG_COMPILER_APPICON_NAME = AppIcon;
				ASSETCATALOG_COMPILER_GLOBAL_ACCENT_COLOR_NAME = AccentColor;
				CODE_SIGN_STYLE = Automatic;
				CURRENT_PROJECT_VERSION = 1;
				DEVELOPMENT_TEAM = WPX8MV29XR;
				GENERATE_INFOPLIST_FILE = YES;
				INFOPLIST_FILE = TLDR/Resource/Info.plist;
				INFOPLIST_KEY_UIApplicationSupportsIndirectInputEvents = YES;
				INFOPLIST_KEY_UILaunchStoryboardName = LaunchScreen;
				INFOPLIST_KEY_UISupportedInterfaceOrientations = UIInterfaceOrientationPortrait;
				INFOPLIST_KEY_UISupportedInterfaceOrientations_iPad = "UIInterfaceOrientationPortrait UIInterfaceOrientationPortraitUpsideDown UIInterfaceOrientationLandscapeLeft UIInterfaceOrientationLandscapeRight";
				INFOPLIST_KEY_UISupportedInterfaceOrientations_iPhone = "UIInterfaceOrientationPortrait UIInterfaceOrientationLandscapeLeft UIInterfaceOrientationLandscapeRight";
				IPHONEOS_DEPLOYMENT_TARGET = 14.0;
				LD_RUNPATH_SEARCH_PATHS = (
					"$(inherited)",
					"@executable_path/Frameworks",
				);
				MARKETING_VERSION = 1.1.0;
				PRODUCT_BUNDLE_IDENTIFIER = com.jeong9216.TLDR;
				PRODUCT_NAME = "$(TARGET_NAME)";
				SWIFT_EMIT_LOC_STRINGS = YES;
				SWIFT_VERSION = 5.0;
				TARGETED_DEVICE_FAMILY = "1,2";
			};
			name = Debug;
		};
		9BBA93A528BC6C70002CB0CF /* Release */ = {
			isa = XCBuildConfiguration;
			buildSettings = {
				ASSETCATALOG_COMPILER_APPICON_NAME = AppIcon;
				ASSETCATALOG_COMPILER_GLOBAL_ACCENT_COLOR_NAME = AccentColor;
				CODE_SIGN_STYLE = Automatic;
				CURRENT_PROJECT_VERSION = 1;
				DEVELOPMENT_TEAM = WPX8MV29XR;
				GENERATE_INFOPLIST_FILE = YES;
				INFOPLIST_FILE = TLDR/Resource/Info.plist;
				INFOPLIST_KEY_UIApplicationSupportsIndirectInputEvents = YES;
				INFOPLIST_KEY_UILaunchStoryboardName = LaunchScreen;
				INFOPLIST_KEY_UISupportedInterfaceOrientations = UIInterfaceOrientationPortrait;
				INFOPLIST_KEY_UISupportedInterfaceOrientations_iPad = "UIInterfaceOrientationPortrait UIInterfaceOrientationPortraitUpsideDown UIInterfaceOrientationLandscapeLeft UIInterfaceOrientationLandscapeRight";
				INFOPLIST_KEY_UISupportedInterfaceOrientations_iPhone = "UIInterfaceOrientationPortrait UIInterfaceOrientationLandscapeLeft UIInterfaceOrientationLandscapeRight";
				IPHONEOS_DEPLOYMENT_TARGET = 14.0;
				LD_RUNPATH_SEARCH_PATHS = (
					"$(inherited)",
					"@executable_path/Frameworks",
				);
				MARKETING_VERSION = 1.1.0;
				PRODUCT_BUNDLE_IDENTIFIER = com.jeong9216.TLDR;
				PRODUCT_NAME = "$(TARGET_NAME)";
				SWIFT_EMIT_LOC_STRINGS = YES;
				SWIFT_VERSION = 5.0;
				TARGETED_DEVICE_FAMILY = "1,2";
			};
			name = Release;
		};
/* End XCBuildConfiguration section */

/* Begin XCConfigurationList section */
		9BBA938A28BC6C6F002CB0CF /* Build configuration list for PBXProject "TLDR" */ = {
			isa = XCConfigurationList;
			buildConfigurations = (
				9BBA93A128BC6C70002CB0CF /* Debug */,
				9BBA93A228BC6C70002CB0CF /* Release */,
			);
			defaultConfigurationIsVisible = 0;
			defaultConfigurationName = Release;
		};
		9BBA93A328BC6C70002CB0CF /* Build configuration list for PBXNativeTarget "TLDR" */ = {
			isa = XCConfigurationList;
			buildConfigurations = (
				9BBA93A428BC6C70002CB0CF /* Debug */,
				9BBA93A528BC6C70002CB0CF /* Release */,
			);
			defaultConfigurationIsVisible = 0;
			defaultConfigurationName = Release;
		};
/* End XCConfigurationList section */

/* Begin XCRemoteSwiftPackageReference section */
		9B42D4F02917A26C0053DBF3 /* XCRemoteSwiftPackageReference "firebase-ios-sdk" */ = {
			isa = XCRemoteSwiftPackageReference;
			repositoryURL = "https://github.com/firebase/firebase-ios-sdk.git";
			requirement = {
				branch = master;
				kind = branch;
			};
		};
		9BFEE81229C899D3009BB2FB /* XCRemoteSwiftPackageReference "JeongLogger" */ = {
			isa = XCRemoteSwiftPackageReference;
			repositoryURL = "https://github.com/jeongju9216/JeongLogger.git";
			requirement = {
				branch = develop;
				kind = branch;
			};
		};
/* End XCRemoteSwiftPackageReference section */

/* Begin XCSwiftPackageProductDependency section */
		9B42D4F12917A26C0053DBF3 /* FirebaseDatabase */ = {
			isa = XCSwiftPackageProductDependency;
			package = 9B42D4F02917A26C0053DBF3 /* XCRemoteSwiftPackageReference "firebase-ios-sdk" */;
			productName = FirebaseDatabase;
		};
		9BFEE81329C899D3009BB2FB /* JeongLogger */ = {
			isa = XCSwiftPackageProductDependency;
			package = 9BFEE81229C899D3009BB2FB /* XCRemoteSwiftPackageReference "JeongLogger" */;
			productName = JeongLogger;
		};
/* End XCSwiftPackageProductDependency section */
	};
	rootObject = 9BBA938728BC6C6F002CB0CF /* Project object */;
}
